# Generated by pub
# See https://dart.dev/tools/pub/glossary#lockfile
packages:
  _fe_analyzer_shared:
    dependency: transitive
    description:
      name: _fe_analyzer_shared
      sha256: ae92f5d747aee634b87f89d9946000c2de774be1d6ac3e58268224348cd0101a
      url: "https://pub.dev"
    source: hosted
    version: "61.0.0"
  akvelon_flutter_issue_106664_workaround:
    dependency: "direct main"
    description:
      name: akvelon_flutter_issue_106664_workaround
      sha256: "1b8e38a65afa6058bc365b5e1762786a1e7618f549f1ea6215151d8d3b346207"
      url: "https://pub.dev"
    source: hosted
    version: "0.1.2"
  aligned_dialog:
    dependency: "direct main"
    description:
      name: aligned_dialog
      sha256: "5d227d0e9d96bfa06699656b05f2cfba2f45645ccc52c43272e33ae307b26be8"
      url: "https://pub.dev"
    source: hosted
    version: "0.0.7"
  analyzer:
    dependency: transitive
    description:
      name: analyzer
      sha256: ea3d8652bda62982addfd92fdc2d0214e5f82e43325104990d4f4c4a2a313562
      url: "https://pub.dev"
    source: hosted
    version: "5.13.0"
  app_state:
    dependency: "direct main"
    description:
      name: app_state
      sha256: a0db005a03cb28bfc00e788b9389d22540ac259a860675f02fe9c43ab7c76553
      url: "https://pub.dev"
    source: hosted
    version: "0.9.4"
  archive:
    dependency: transitive
    description:
      name: archive
      sha256: "49b1fad315e57ab0bbc15bcbb874e83116a1d78f77ebd500a4af6c9407d6b28e"
      url: "https://pub.dev"
    source: hosted
    version: "3.3.8"
  args:
    dependency: transitive
    description:
      name: args
      sha256: c372bb384f273f0c2a8aaaa226dad84dc27c8519a691b888725dec59518ad53a
      url: "https://pub.dev"
    source: hosted
    version: "2.4.1"
  async:
    dependency: transitive
    description:
      name: async
      sha256: "947bfcf187f74dbc5e146c9eb9c0f10c9f8b30743e341481c1e2ed3ecc18c20c"
      url: "https://pub.dev"
    source: hosted
    version: "2.11.0"
  autotrie:
    dependency: transitive
    description:
      name: autotrie
      sha256: "55da6faefb53cfcb0abb2f2ca8636123fb40e35286bb57440d2cf467568188f8"
      url: "https://pub.dev"
    source: hosted
    version: "2.0.0"
  boolean_selector:
    dependency: transitive
    description:
      name: boolean_selector
      sha256: "6cfb5af12253eaf2b368f07bacc5a80d1301a071c73360d746b7f2e32d762c66"
      url: "https://pub.dev"
    source: hosted
    version: "2.1.1"
  build:
    dependency: transitive
    description:
      name: build
      sha256: "43865b79fbb78532e4bff7c33087aa43b1d488c4fdef014eaef568af6d8016dc"
      url: "https://pub.dev"
    source: hosted
    version: "2.4.0"
  build_config:
    dependency: transitive
    description:
      name: build_config
      sha256: bf80fcfb46a29945b423bd9aad884590fb1dc69b330a4d4700cac476af1708d1
      url: "https://pub.dev"
    source: hosted
    version: "1.1.1"
  build_daemon:
    dependency: transitive
    description:
      name: build_daemon
      sha256: "5f02d73eb2ba16483e693f80bee4f088563a820e47d1027d4cdfe62b5bb43e65"
      url: "https://pub.dev"
    source: hosted
    version: "4.0.0"
  build_resolvers:
    dependency: transitive
    description:
      name: build_resolvers
      sha256: db49b8609ef8c81cca2b310618c3017c00f03a92af44c04d310b907b2d692d95
      url: "https://pub.dev"
    source: hosted
    version: "2.2.0"
  build_runner:
    dependency: "direct dev"
    description:
      name: build_runner
      sha256: "220ae4553e50d7c21a17c051afc7b183d28a24a420502e842f303f8e4e6edced"
      url: "https://pub.dev"
    source: hosted
    version: "2.4.4"
  build_runner_core:
    dependency: transitive
    description:
      name: build_runner_core
      sha256: "88a57f2ac99849362e73878334caa9f06ee25f31d2adced882b8337838c84e1e"
      url: "https://pub.dev"
    source: hosted
    version: "7.2.9"
  built_collection:
    dependency: transitive
    description:
      name: built_collection
      sha256: "376e3dd27b51ea877c28d525560790aee2e6fbb5f20e2f85d5081027d94e2100"
      url: "https://pub.dev"
    source: hosted
    version: "5.1.1"
  built_value:
    dependency: transitive
    description:
      name: built_value
      sha256: "7dd62d9faf105c434f3d829bbe9c4be02ec67f5ed94832222116122df67c5452"
      url: "https://pub.dev"
    source: hosted
    version: "8.6.0"
  characters:
    dependency: transitive
    description:
      name: characters
      sha256: "04a925763edad70e8443c99234dc3328f442e811f1d8fd1a72f1c8ad0f69a605"
      url: "https://pub.dev"
    source: hosted
    version: "1.3.0"
  charcode:
    dependency: transitive
    description:
      name: charcode
      sha256: fb98c0f6d12c920a02ee2d998da788bca066ca5f148492b7085ee23372b12306
      url: "https://pub.dev"
    source: hosted
    version: "1.3.1"
  checked_yaml:
    dependency: transitive
    description:
      name: checked_yaml
      sha256: feb6bed21949061731a7a75fc5d2aa727cf160b91af9a3e464c5e3a32e28b5ff
      url: "https://pub.dev"
    source: hosted
    version: "2.0.3"
  clock:
    dependency: transitive
    description:
      name: clock
      sha256: cb6d7f03e1de671e34607e909a7213e31d7752be4fb66a86d29fe1eb14bfb5cf
      url: "https://pub.dev"
    source: hosted
    version: "1.1.1"
  code_builder:
    dependency: transitive
    description:
      name: code_builder
      sha256: "0d43dd1288fd145de1ecc9a3948ad4a6d5a82f0a14c4fdd0892260787d975cbe"
      url: "https://pub.dev"
    source: hosted
    version: "4.4.0"
  collection:
    dependency: "direct main"
    description:
      name: collection
      sha256: f092b211a4319e98e5ff58223576de6c2803db36221657b46c82574721240687
      url: "https://pub.dev"
    source: hosted
    version: "1.17.2"
  connectivity_plus:
    dependency: transitive
    description:
      name: connectivity_plus
      sha256: "3f8fe4e504c2d33696dac671a54909743bc6a902a9bb0902306f7a2aed7e528e"
      url: "https://pub.dev"
    source: hosted
    version: "2.3.9"
  connectivity_plus_linux:
    dependency: transitive
    description:
      name: connectivity_plus_linux
      sha256: "3caf859d001f10407b8e48134c761483e4495ae38094ffcca97193f6c271f5e2"
      url: "https://pub.dev"
    source: hosted
    version: "1.3.1"
  connectivity_plus_macos:
    dependency: transitive
    description:
      name: connectivity_plus_macos
      sha256: "488d2de1e47e1224ad486e501b20b088686ba1f4ee9c4420ecbc3b9824f0b920"
      url: "https://pub.dev"
    source: hosted
    version: "1.2.6"
  connectivity_plus_platform_interface:
    dependency: transitive
    description:
      name: connectivity_plus_platform_interface
      sha256: cf1d1c28f4416f8c654d7dc3cd638ec586076255d407cef3ddbdaf178272a71a
      url: "https://pub.dev"
    source: hosted
    version: "1.2.4"
  connectivity_plus_web:
    dependency: transitive
    description:
      name: connectivity_plus_web
      sha256: "81332be1b4baf8898fed17bb4fdef27abb7c6fd990bf98c54fd978478adf2f1a"
      url: "https://pub.dev"
    source: hosted
    version: "1.2.5"
  connectivity_plus_windows:
    dependency: transitive
    description:
      name: connectivity_plus_windows
      sha256: "535b0404b4d5605c4dd8453d67e5d6d2ea0dd36e3b477f50f31af51b0aeab9dd"
      url: "https://pub.dev"
    source: hosted
    version: "1.2.2"
  convert:
    dependency: transitive
    description:
      name: convert
      sha256: "0f08b14755d163f6e2134cb58222dd25ea2a2ee8a195e53983d57c075324d592"
      url: "https://pub.dev"
    source: hosted
    version: "3.1.1"
  coverage:
    dependency: transitive
    description:
      name: coverage
      sha256: "2fb815080e44a09b85e0f2ca8a820b15053982b2e714b59267719e8a9ff17097"
      url: "https://pub.dev"
    source: hosted
    version: "1.6.3"
  crypto:
    dependency: transitive
    description:
      name: crypto
      sha256: ff625774173754681d66daaf4a448684fb04b78f902da9cb3d308c19cc5e8bab
      url: "https://pub.dev"
    source: hosted
    version: "3.0.3"
  csslib:
    dependency: transitive
    description:
      name: csslib
      sha256: "831883fb353c8bdc1d71979e5b342c7d88acfbc643113c14ae51e2442ea0f20f"
      url: "https://pub.dev"
    source: hosted
    version: "0.17.3"
  csv:
    dependency: transitive
    description:
      name: csv
      sha256: "016b31a51a913744a0a1655c74ff13c9379e1200e246a03d96c81c5d9ed297b5"
      url: "https://pub.dev"
    source: hosted
    version: "5.0.2"
  dart_style:
    dependency: transitive
    description:
      name: dart_style
      sha256: f4f1f73ab3fd2afcbcca165ee601fe980d966af6a21b5970c6c9376955c528ad
      url: "https://pub.dev"
    source: hosted
    version: "2.3.1"
  dbus:
    dependency: transitive
    description:
      name: dbus
      sha256: "6f07cba3f7b3448d42d015bfd3d53fe12e5b36da2423f23838efc1d5fb31a263"
      url: "https://pub.dev"
    source: hosted
    version: "0.7.8"
  easy_localization:
    dependency: "direct main"
    description:
      name: easy_localization
      sha256: "30ebf25448ffe169e0bd9bc4b5da94faa8398967a2ad2ca09f438be8b6953645"
      url: "https://pub.dev"
    source: hosted
    version: "3.0.2"
  easy_localization_ext:
    dependency: "direct main"
    description:
      name: easy_localization_ext
      sha256: "7a5ff2595436141f2e4873b69576ff33034fe23fef252fa592b2575be3fba33a"
      url: "https://pub.dev"
    source: hosted
    version: "0.1.1"
  easy_localization_loader:
    dependency: "direct main"
    description:
      name: easy_localization_loader
      sha256: "89e70b2516123d639e8e68b8dd08fc07c8b83b0cfee17c642165e7e8807ebc86"
      url: "https://pub.dev"
    source: hosted
    version: "1.0.1+1"
  easy_logger:
    dependency: transitive
    description:
      name: easy_logger
      sha256: c764a6e024846f33405a2342caf91c62e357c24b02c04dbc712ef232bf30ffb7
      url: "https://pub.dev"
    source: hosted
    version: "0.0.2"
  enum_map:
    dependency: transitive
    description:
      name: enum_map
      sha256: "0dfe18306d2e9b0e9d381f5e11aac4c8255d5f5eddc68b0ab037f7d00aa36126"
      url: "https://pub.dev"
    source: hosted
    version: "0.2.1"
  equatable:
    dependency: "direct main"
    description:
      name: equatable
      sha256: c2b87cb7756efdf69892005af546c56c0b5037f54d2a88269b4f347a505e3ca2
      url: "https://pub.dev"
    source: hosted
    version: "2.0.5"
  expansion_widget:
    dependency: "direct main"
    description:
      name: expansion_widget
      sha256: c1ab07f475c6a5381e6f068de1d6a8e6e736a07a664787267503c1cd085844f7
      url: "https://pub.dev"
    source: hosted
    version: "0.0.3"
  fake_async:
    dependency: "direct dev"
    description:
      name: fake_async
      sha256: "511392330127add0b769b75a987850d136345d9227c6b94c96a04cf4a391bf78"
      url: "https://pub.dev"
    source: hosted
    version: "1.3.1"
  ffi:
    dependency: transitive
    description:
      name: ffi
      sha256: ed5337a5660c506388a9f012be0288fb38b49020ce2b45fe1f8b8323fe429f99
      url: "https://pub.dev"
    source: hosted
    version: "2.0.2"
  file:
    dependency: transitive
    description:
      name: file
      sha256: "1b92bec4fc2a72f59a8e15af5f52cd441e4a7860b49499d69dfa817af20e925d"
      url: "https://pub.dev"
    source: hosted
    version: "6.1.4"
  fixnum:
    dependency: transitive
    description:
      name: fixnum
      sha256: "25517a4deb0c03aa0f32fd12db525856438902d9c16536311e76cdc57b31d7d1"
      url: "https://pub.dev"
    source: hosted
    version: "1.1.0"
  flutter:
    dependency: "direct main"
    description: flutter
    source: sdk
    version: "0.0.0"
  flutter_code_editor:
    dependency: "direct dev"
    description:
      name: flutter_code_editor
      sha256: d4f94719d3f4dc3f40b0b80c980e3b550069c413542b6c0521bff8267f57eefb
      url: "https://pub.dev"
    source: hosted
    version: "0.3.0"
  flutter_driver:
    dependency: transitive
    description: flutter
    source: sdk
    version: "0.0.0"
  flutter_highlight:
    dependency: transitive
    description:
      name: flutter_highlight
      sha256: "7b96333867aa07e122e245c033b8ad622e4e3a42a1a2372cbb098a2541d8782c"
      url: "https://pub.dev"
    source: hosted
    version: "0.7.0"
  flutter_issue_108697_workaround:
    dependency: transitive
    description:
      name: flutter_issue_108697_workaround
      sha256: "4f0ec26fd21b15954fda4acc94922abd2b2c067b5af4629438e270f8b2a2da08"
      url: "https://pub.dev"
    source: hosted
    version: "0.1.3"
  flutter_lints:
    dependency: "direct dev"
    description:
      name: flutter_lints
      sha256: aeb0b80a8b3709709c9cc496cdc027c5b3216796bc0af0ce1007eaf24464fd4c
      url: "https://pub.dev"
    source: hosted
    version: "2.0.1"
  flutter_localizations:
    dependency: "direct main"
    description: flutter
    source: sdk
    version: "0.0.0"
  flutter_markdown_selectionarea:
    dependency: transitive
    description:
      name: flutter_markdown_selectionarea
      sha256: "4ce7f7eb337d75afcb8613f49e484ffc561e695b5369ff588b6549e422078569"
      url: "https://pub.dev"
    source: hosted
    version: "0.6.14+3"
  flutter_svg:
    dependency: "direct main"
    description:
      name: flutter_svg
      sha256: "6ff8c902c8056af9736de2689f63f81c42e2d642b9f4c79dbf8790ae48b63012"
      url: "https://pub.dev"
    source: hosted
    version: "2.0.6"
  flutter_test:
    dependency: "direct dev"
    description: flutter
    source: sdk
    version: "0.0.0"
  flutter_web_plugins:
    dependency: "direct main"
    description: flutter
    source: sdk
    version: "0.0.0"
  fluttertoast:
    dependency: transitive
    description:
      name: fluttertoast
      sha256: "474f7d506230897a3cd28c965ec21c5328ae5605fc9c400cd330e9e9d6ac175c"
      url: "https://pub.dev"
    source: hosted
    version: "8.2.2"
  frontend_server_client:
    dependency: transitive
    description:
      name: frontend_server_client
      sha256: "408e3ca148b31c20282ad6f37ebfa6f4bdc8fede5b74bc2f08d9d92b55db3612"
      url: "https://pub.dev"
    source: hosted
    version: "3.2.0"
  fuchsia_remote_debug_protocol:
    dependency: transitive
    description: flutter
    source: sdk
    version: "0.0.0"
  get_it:
    dependency: "direct main"
    description:
      name: get_it
      sha256: "529de303c739fca98cd7ece5fca500d8ff89649f1bb4b4e94fb20954abcd7468"
      url: "https://pub.dev"
    source: hosted
    version: "7.6.0"
  glob:
    dependency: transitive
    description:
      name: glob
      sha256: "0e7014b3b7d4dac1ca4d6114f82bf1782ee86745b9b42a92c9289c23d8a0ab63"
      url: "https://pub.dev"
    source: hosted
    version: "2.1.2"
  google_fonts:
    dependency: "direct main"
    description:
      name: google_fonts
      sha256: "6b6f10f0ce3c42f6552d1c70d2c28d764cf22bb487f50f66cca31dcd5194f4d6"
      url: "https://pub.dev"
    source: hosted
    version: "4.0.4"
  googleapis_auth:
    dependency: transitive
    description:
      name: googleapis_auth
      sha256: af7c3a3edf9d0de2e1e0a77e994fae0a581c525fa7012af4fa0d4a52ed9484da
      url: "https://pub.dev"
    source: hosted
    version: "1.4.1"
  graphs:
    dependency: transitive
    description:
      name: graphs
      sha256: aedc5a15e78fc65a6e23bcd927f24c64dd995062bcd1ca6eda65a3cff92a4d19
      url: "https://pub.dev"
    source: hosted
    version: "2.3.1"
  grpc:
    dependency: transitive
    description:
      name: grpc
      sha256: a73c16e4f6a4a819be892bb2c73cc1d0b00e36095f69b0738cc91a733e3d27ba
      url: "https://pub.dev"
    source: hosted
    version: "3.1.0"
  highlight:
    dependency: "direct main"
    description:
      name: highlight
      sha256: "5353a83ffe3e3eca7df0abfb72dcf3fa66cc56b953728e7113ad4ad88497cf21"
      url: "https://pub.dev"
    source: hosted
    version: "0.7.0"
  hive:
    dependency: transitive
    description:
      name: hive
      sha256: "8dcf6db979d7933da8217edcec84e9df1bdb4e4edc7fc77dbd5aa74356d6d941"
      url: "https://pub.dev"
    source: hosted
    version: "2.2.3"
  hive_test:
    dependency: transitive
    description:
      name: hive_test
      sha256: dd7a5cf0be7af288566a96180b5d07574023777aa947ef252b69046ec36d8eb2
      url: "https://pub.dev"
    source: hosted
    version: "1.0.1"
  html:
    dependency: transitive
    description:
      name: html
      sha256: "58e3491f7bf0b6a4ea5110c0c688877460d1a6366731155c4a4580e7ded773e8"
      url: "https://pub.dev"
    source: hosted
    version: "0.15.3"
  http:
    dependency: transitive
    description:
      name: http
      sha256: "5895291c13fa8a3bd82e76d5627f69e0d85ca6a30dcac95c4ea19a5d555879c2"
      url: "https://pub.dev"
    source: hosted
    version: "0.13.6"
  http2:
    dependency: transitive
    description:
      name: http2
      sha256: "58805ebc6513eed3b98ee0a455a8357e61d187bf2e0fdc1e53120770f78de258"
      url: "https://pub.dev"
    source: hosted
    version: "2.0.1"
  http_multi_server:
    dependency: transitive
    description:
      name: http_multi_server
      sha256: "97486f20f9c2f7be8f514851703d0119c3596d14ea63227af6f7a481ef2b2f8b"
      url: "https://pub.dev"
    source: hosted
    version: "3.2.1"
  http_parser:
    dependency: transitive
    description:
      name: http_parser
      sha256: "2aa08ce0341cc9b354a498388e30986515406668dbcc4f7c950c3e715496693b"
      url: "https://pub.dev"
    source: hosted
    version: "4.0.2"
  integration_test:
    dependency: "direct dev"
    description: flutter
    source: sdk
    version: "0.0.0"
  intl:
    dependency: "direct main"
    description:
      name: intl
      sha256: "3bc132a9dbce73a7e4a21a17d06e1878839ffbf975568bc875c60537824b0c4d"
      url: "https://pub.dev"
    source: hosted
    version: "0.18.1"
  io:
    dependency: transitive
    description:
      name: io
      sha256: "2ec25704aba361659e10e3e5f5d672068d332fc8ac516421d483a11e5cbd061e"
      url: "https://pub.dev"
    source: hosted
    version: "1.0.4"
  js:
    dependency: transitive
    description:
      name: js
      sha256: f2c445dce49627136094980615a031419f7f3eb393237e4ecd97ac15dea343f3
      url: "https://pub.dev"
    source: hosted
    version: "0.6.7"
  json_annotation:
    dependency: transitive
    description:
      name: json_annotation
      sha256: b10a7b2ff83d83c777edba3c6a0f97045ddadd56c944e1a23a3fdf43a1bf4467
      url: "https://pub.dev"
    source: hosted
    version: "4.8.1"
  keyed_collection_widgets:
    dependency: transitive
    description:
      name: keyed_collection_widgets
      sha256: "9db2df4c4897c35fe167bdca82d307d81baa4161c3118da3f06ab4fd2d75291b"
      url: "https://pub.dev"
    source: hosted
    version: "0.4.3"
  linked_scroll_controller:
    dependency: transitive
    description:
      name: linked_scroll_controller
      sha256: e6020062bcf4ffc907ee7fd090fa971e65d8dfaac3c62baf601a3ced0b37986a
      url: "https://pub.dev"
    source: hosted
    version: "0.2.0"
  lints:
    dependency: transitive
    description:
      name: lints
      sha256: "6b0206b0bf4f04961fc5438198ccb3a885685cd67d4d4a32cc20ad7f8adbe015"
      url: "https://pub.dev"
    source: hosted
    version: "2.1.0"
  logging:
    dependency: transitive
    description:
      name: logging
      sha256: "623a88c9594aa774443aa3eb2d41807a48486b5613e67599fb4c41c0ad47c340"
      url: "https://pub.dev"
    source: hosted
    version: "1.2.0"
  markdown:
    dependency: transitive
    description:
      name: markdown
      sha256: "8e332924094383133cee218b676871f42db2514f1f6ac617b6cf6152a7faab8e"
      url: "https://pub.dev"
    source: hosted
    version: "7.1.0"
  matcher:
    dependency: transitive
    description:
      name: matcher
      sha256: "1803e76e6653768d64ed8ff2e1e67bea3ad4b923eb5c56a295c3e634bad5960e"
      url: "https://pub.dev"
    source: hosted
    version: "0.12.16"
  material_color_utilities:
    dependency: transitive
    description:
      name: material_color_utilities
      sha256: "9528f2f296073ff54cb9fee677df673ace1218163c3bc7628093e7eed5203d41"
      url: "https://pub.dev"
    source: hosted
    version: "0.5.0"
  meta:
    dependency: transitive
    description:
      name: meta
      sha256: "3c74dbf8763d36539f114c799d8a2d87343b5067e9d796ca22b5eb8437090ee3"
      url: "https://pub.dev"
    source: hosted
    version: "1.9.1"
  mime:
    dependency: transitive
    description:
      name: mime
      sha256: e4ff8e8564c03f255408decd16e7899da1733852a9110a58fe6d1b817684a63e
      url: "https://pub.dev"
    source: hosted
    version: "1.0.4"
  mockito:
    dependency: "direct dev"
    description:
      name: mockito
      sha256: "8b46d7eb40abdda92d62edd01546051f0c27365e65608c284de336dccfef88cc"
      url: "https://pub.dev"
    source: hosted
    version: "5.4.1"
  mocktail:
    dependency: transitive
    description:
      name: mocktail
      sha256: "80a996cd9a69284b3dc521ce185ffe9150cde69767c2d3a0720147d93c0cef53"
      url: "https://pub.dev"
    source: hosted
    version: "0.3.0"
  nested:
    dependency: transitive
    description:
      name: nested
      sha256: "03bac4c528c64c95c722ec99280375a6f2fc708eec17c7b3f07253b626cd2a20"
      url: "https://pub.dev"
    source: hosted
    version: "1.0.0"
  nm:
    dependency: transitive
    description:
      name: nm
      sha256: "2c9aae4127bdc8993206464fcc063611e0e36e72018696cd9631023a31b24254"
      url: "https://pub.dev"
    source: hosted
    version: "0.5.0"
  node_preamble:
    dependency: transitive
    description:
      name: node_preamble
      sha256: "6e7eac89047ab8a8d26cf16127b5ed26de65209847630400f9aefd7cd5c730db"
      url: "https://pub.dev"
    source: hosted
    version: "2.0.2"
  onmessage:
    dependency: "direct main"
    description:
      name: onmessage
      sha256: "262fee2df9a3cf361446ad743cb556ebf0552c2ae5c1220a041a781346f8a1a9"
      url: "https://pub.dev"
    source: hosted
    version: "0.2.0"
  os_detect:
    dependency: transitive
    description:
      name: os_detect
      sha256: faf3bcf39515e64da8ff76b2f2805b20a6ff47ae515393e535f8579ff91d6b7f
      url: "https://pub.dev"
    source: hosted
    version: "2.0.1"
  package_config:
    dependency: transitive
    description:
      name: package_config
      sha256: "1c5b77ccc91e4823a5af61ee74e6b972db1ef98c2ff5a18d3161c982a55448bd"
      url: "https://pub.dev"
    source: hosted
    version: "2.1.0"
  path:
    dependency: transitive
    description:
      name: path
      sha256: "8829d8a55c13fc0e37127c29fedf290c102f4e40ae94ada574091fe0ff96c917"
      url: "https://pub.dev"
    source: hosted
    version: "1.8.3"
  path_parsing:
    dependency: transitive
    description:
      name: path_parsing
      sha256: e3e67b1629e6f7e8100b367d3db6ba6af4b1f0bb80f64db18ef1fbabd2fa9ccf
      url: "https://pub.dev"
    source: hosted
    version: "1.0.1"
  path_provider:
    dependency: transitive
    description:
      name: path_provider
      sha256: "3087813781ab814e4157b172f1a11c46be20179fcc9bea043e0fba36bc0acaa2"
      url: "https://pub.dev"
    source: hosted
    version: "2.0.15"
  path_provider_android:
    dependency: transitive
    description:
      name: path_provider_android
      sha256: "2cec049d282c7f13c594b4a73976b0b4f2d7a1838a6dd5aaf7bd9719196bee86"
      url: "https://pub.dev"
    source: hosted
    version: "2.0.27"
  path_provider_foundation:
    dependency: transitive
    description:
      name: path_provider_foundation
      sha256: "1995d88ec2948dac43edf8fe58eb434d35d22a2940ecee1a9fefcd62beee6eb3"
      url: "https://pub.dev"
    source: hosted
    version: "2.2.3"
  path_provider_linux:
    dependency: transitive
    description:
      name: path_provider_linux
      sha256: ffbb8cc9ed2c9ec0e4b7a541e56fd79b138e8f47d2fb86815f15358a349b3b57
      url: "https://pub.dev"
    source: hosted
    version: "2.1.11"
  path_provider_platform_interface:
    dependency: transitive
    description:
      name: path_provider_platform_interface
      sha256: "57585299a729335f1298b43245842678cb9f43a6310351b18fb577d6e33165ec"
      url: "https://pub.dev"
    source: hosted
    version: "2.0.6"
  path_provider_windows:
    dependency: transitive
    description:
      name: path_provider_windows
      sha256: d3f80b32e83ec208ac95253e0cd4d298e104fbc63cb29c5c69edaed43b0c69d6
      url: "https://pub.dev"
    source: hosted
    version: "2.1.6"
  petitparser:
    dependency: transitive
    description:
      name: petitparser
      sha256: cb3798bef7fc021ac45b308f4b51208a152792445cce0448c9a4ba5879dd8750
      url: "https://pub.dev"
    source: hosted
    version: "5.4.0"
  platform:
    dependency: transitive
    description:
      name: platform
      sha256: "4a451831508d7d6ca779f7ac6e212b4023dd5a7d08a27a63da33756410e32b76"
      url: "https://pub.dev"
    source: hosted
    version: "3.1.0"
  playground_components:
    dependency: "direct main"
    description:
      path: playground_components
      relative: true
    source: path
    version: "0.0.1"
  playground_components_dev:
    dependency: "direct dev"
    description:
      path: playground_components_dev
      relative: true
    source: path
    version: "0.0.1"
  plugin_platform_interface:
    dependency: transitive
    description:
      name: plugin_platform_interface
      sha256: "6a2128648c854906c53fa8e33986fc0247a1116122f9534dd20e3ab9e16a32bc"
      url: "https://pub.dev"
    source: hosted
    version: "2.1.4"
  pointycastle:
    dependency: transitive
    description:
      name: pointycastle
      sha256: "7c1e5f0d23c9016c5bbd8b1473d0d3fb3fc851b876046039509e18e0c7485f2c"
      url: "https://pub.dev"
    source: hosted
    version: "3.7.3"
  pool:
    dependency: transitive
    description:
      name: pool
      sha256: "20fe868b6314b322ea036ba325e6fc0711a22948856475e2c2b6306e8ab39c2a"
      url: "https://pub.dev"
    source: hosted
    version: "1.5.1"
  process:
    dependency: transitive
    description:
      name: process
      sha256: "53fd8db9cec1d37b0574e12f07520d582019cb6c44abf5479a01505099a34a09"
      url: "https://pub.dev"
    source: hosted
    version: "4.2.4"
  protobuf:
    dependency: transitive
    description:
      name: protobuf
      sha256: "01dd9bd0fa02548bf2ceee13545d4a0ec6046459d847b6b061d8a27237108a08"
      url: "https://pub.dev"
    source: hosted
    version: "2.1.0"
  provider:
    dependency: "direct main"
    description:
      name: provider
      sha256: cdbe7530b12ecd9eb455bdaa2fcb8d4dad22e80b8afb4798b41479d5ce26847f
      url: "https://pub.dev"
    source: hosted
    version: "6.0.5"
  pub_semver:
    dependency: transitive
    description:
      name: pub_semver
      sha256: "40d3ab1bbd474c4c2328c91e3a7df8c6dd629b79ece4c4bd04bee496a224fb0c"
      url: "https://pub.dev"
    source: hosted
    version: "2.1.4"
  pubspec_parse:
    dependency: transitive
    description:
      name: pubspec_parse
      sha256: c63b2876e58e194e4b0828fcb080ad0e06d051cb607a6be51a9e084f47cb9367
      url: "https://pub.dev"
    source: hosted
    version: "1.2.3"
  rxdart:
    dependency: transitive
    description:
      name: rxdart
      sha256: "0c7c0cedd93788d996e33041ffecda924cc54389199cde4e6a34b440f50044cb"
      url: "https://pub.dev"
    source: hosted
    version: "0.27.7"
  scrollable_positioned_list:
    dependency: transitive
    description:
      name: scrollable_positioned_list
      sha256: "1b54d5f1329a1e263269abc9e2543d90806131aa14fe7c6062a8054d57249287"
      url: "https://pub.dev"
    source: hosted
    version: "0.3.8"
  shared_preferences:
    dependency: "direct main"
    description:
      name: shared_preferences
      sha256: "16d3fb6b3692ad244a695c0183fca18cf81fd4b821664394a781de42386bf022"
      url: "https://pub.dev"
    source: hosted
    version: "2.1.1"
  shared_preferences_android:
    dependency: transitive
    description:
      name: shared_preferences_android
      sha256: "6478c6bbbecfe9aced34c483171e90d7c078f5883558b30ec3163cf18402c749"
      url: "https://pub.dev"
    source: hosted
    version: "2.1.4"
  shared_preferences_foundation:
    dependency: transitive
    description:
      name: shared_preferences_foundation
      sha256: e014107bb79d6d3297196f4f2d0db54b5d1f85b8ea8ff63b8e8b391a02700feb
      url: "https://pub.dev"
    source: hosted
    version: "2.2.2"
  shared_preferences_linux:
    dependency: transitive
    description:
      name: shared_preferences_linux
      sha256: "9d387433ca65717bbf1be88f4d5bb18f10508917a8fa2fb02e0fd0d7479a9afa"
      url: "https://pub.dev"
    source: hosted
    version: "2.2.0"
  shared_preferences_platform_interface:
    dependency: transitive
    description:
      name: shared_preferences_platform_interface
      sha256: fb5cf25c0235df2d0640ac1b1174f6466bd311f621574997ac59018a6664548d
      url: "https://pub.dev"
    source: hosted
    version: "2.2.0"
  shared_preferences_web:
    dependency: transitive
    description:
      name: shared_preferences_web
      sha256: "74083203a8eae241e0de4a0d597dbedab3b8fef5563f33cf3c12d7e93c655ca5"
      url: "https://pub.dev"
    source: hosted
    version: "2.1.0"
  shared_preferences_windows:
    dependency: transitive
    description:
      name: shared_preferences_windows
      sha256: "5e588e2efef56916a3b229c3bfe81e6a525665a454519ca51dbcc4236a274173"
      url: "https://pub.dev"
    source: hosted
    version: "2.2.0"
  shelf:
    dependency: transitive
    description:
      name: shelf
      sha256: ad29c505aee705f41a4d8963641f91ac4cee3c8fad5947e033390a7bd8180fa4
      url: "https://pub.dev"
    source: hosted
    version: "1.4.1"
  shelf_packages_handler:
    dependency: transitive
    description:
      name: shelf_packages_handler
      sha256: "89f967eca29607c933ba9571d838be31d67f53f6e4ee15147d5dc2934fee1b1e"
      url: "https://pub.dev"
    source: hosted
    version: "3.0.2"
  shelf_static:
    dependency: transitive
    description:
      name: shelf_static
      sha256: a41d3f53c4adf0f57480578c1d61d90342cd617de7fc8077b1304643c2d85c1e
      url: "https://pub.dev"
    source: hosted
    version: "1.1.2"
  shelf_web_socket:
    dependency: transitive
    description:
      name: shelf_web_socket
      sha256: "9ca081be41c60190ebcb4766b2486a7d50261db7bd0f5d9615f2d653637a84c1"
      url: "https://pub.dev"
    source: hosted
    version: "1.0.4"
  sky_engine:
    dependency: transitive
    description: flutter
    source: sdk
    version: "0.0.99"
  source_gen:
    dependency: transitive
    description:
      name: source_gen
      sha256: "373f96cf5a8744bc9816c1ff41cf5391bbdbe3d7a96fe98c622b6738a8a7bd33"
      url: "https://pub.dev"
    source: hosted
    version: "1.3.2"
  source_map_stack_trace:
    dependency: transitive
    description:
      name: source_map_stack_trace
      sha256: "84cf769ad83aa6bb61e0aa5a18e53aea683395f196a6f39c4c881fb90ed4f7ae"
      url: "https://pub.dev"
    source: hosted
    version: "2.1.1"
  source_maps:
    dependency: transitive
    description:
      name: source_maps
      sha256: "708b3f6b97248e5781f493b765c3337db11c5d2c81c3094f10904bfa8004c703"
      url: "https://pub.dev"
    source: hosted
    version: "0.10.12"
  source_span:
    dependency: transitive
    description:
      name: source_span
      sha256: "53e943d4206a5e30df338fd4c6e7a077e02254531b138a15aec3bd143c1a8b3c"
      url: "https://pub.dev"
    source: hosted
    version: "1.10.0"
  stack_trace:
    dependency: transitive
    description:
      name: stack_trace
      sha256: c3c7d8edb15bee7f0f74debd4b9c5f3c2ea86766fe4178eb2a18eb30a0bdaed5
      url: "https://pub.dev"
    source: hosted
    version: "1.11.0"
  stream_channel:
    dependency: transitive
    description:
      name: stream_channel
      sha256: "83615bee9045c1d322bbbd1ba209b7a749c2cbcdcb3fdd1df8eb488b3279c1c8"
      url: "https://pub.dev"
    source: hosted
    version: "2.1.1"
  stream_transform:
    dependency: transitive
    description:
      name: stream_transform
      sha256: "14a00e794c7c11aa145a170587321aedce29769c08d7f58b1d141da75e3b1c6f"
      url: "https://pub.dev"
    source: hosted
    version: "2.1.0"
  string_scanner:
    dependency: transitive
    description:
      name: string_scanner
      sha256: "556692adab6cfa87322a115640c11f13cb77b3f076ddcc5d6ae3c20242bedcde"
      url: "https://pub.dev"
    source: hosted
    version: "1.2.0"
  sync_http:
    dependency: transitive
    description:
      name: sync_http
      sha256: "7f0cd72eca000d2e026bcd6f990b81d0ca06022ef4e32fb257b30d3d1014a961"
      url: "https://pub.dev"
    source: hosted
    version: "0.3.1"
  term_glyph:
    dependency: transitive
    description:
      name: term_glyph
      sha256: a29248a84fbb7c79282b40b8c72a1209db169a2e0542bce341da992fe1bc7e84
      url: "https://pub.dev"
    source: hosted
    version: "1.2.1"
  test:
    dependency: transitive
    description:
      name: test
      sha256: "13b41f318e2a5751c3169137103b60c584297353d4b1761b66029bae6411fe46"
      url: "https://pub.dev"
    source: hosted
    version: "1.24.3"
  test_api:
    dependency: transitive
    description:
      name: test_api
      sha256: "75760ffd7786fffdfb9597c35c5b27eaeec82be8edfb6d71d32651128ed7aab8"
      url: "https://pub.dev"
    source: hosted
    version: "0.6.0"
  test_core:
    dependency: transitive
    description:
      name: test_core
      sha256: "99806e9e6d95c7b059b7a0fc08f07fc53fabe54a829497f0d9676299f1e8637e"
      url: "https://pub.dev"
    source: hosted
    version: "0.5.3"
  timing:
    dependency: transitive
    description:
      name: timing
      sha256: "70a3b636575d4163c477e6de42f247a23b315ae20e86442bebe32d3cabf61c32"
      url: "https://pub.dev"
    source: hosted
    version: "1.0.1"
  total_lints:
    dependency: transitive
    description:
      name: total_lints
      sha256: "5424a55034e89a9c6198518356842dfdc33b6f0b4d557071f84d6095e5a9f8ea"
      url: "https://pub.dev"
    source: hosted
    version: "2.19.0"
  tuple:
    dependency: transitive
    description:
      name: tuple
      sha256: "0ea99cd2f9352b2586583ab2ce6489d1f95a5f6de6fb9492faaf97ae2060f0aa"
      url: "https://pub.dev"
    source: hosted
    version: "2.0.1"
  typed_data:
    dependency: transitive
    description:
      name: typed_data
      sha256: facc8d6582f16042dd49f2463ff1bd6e2c9ef9f3d5da3d9b087e244a7b564b3c
      url: "https://pub.dev"
    source: hosted
    version: "1.3.2"
  universal_html:
    dependency: transitive
    description:
      name: universal_html
      sha256: f2e0ff0c4af8e4bbda4d273ca4a11be4055414f478fad5c161609b74790ff696
      url: "https://pub.dev"
    source: hosted
    version: "2.2.2"
  universal_io:
    dependency: transitive
    description:
      name: universal_io
      sha256: "06866290206d196064fd61df4c7aea1ffe9a4e7c4ccaa8fcded42dd41948005d"
      url: "https://pub.dev"
    source: hosted
    version: "2.2.0"
  url_launcher:
    dependency: "direct main"
    description:
      name: url_launcher
      sha256: eb1e00ab44303d50dd487aab67ebc575456c146c6af44422f9c13889984c00f3
      url: "https://pub.dev"
    source: hosted
    version: "6.1.11"
  url_launcher_android:
    dependency: transitive
    description:
      name: url_launcher_android
      sha256: eed4e6a1164aa9794409325c3b707ff424d4d1c2a785e7db67f8bbda00e36e51
      url: "https://pub.dev"
    source: hosted
    version: "6.0.35"
  url_launcher_ios:
    dependency: transitive
    description:
      name: url_launcher_ios
      sha256: "9af7ea73259886b92199f9e42c116072f05ff9bea2dcb339ab935dfc957392c2"
      url: "https://pub.dev"
    source: hosted
    version: "6.1.4"
  url_launcher_linux:
    dependency: transitive
    description:
      name: url_launcher_linux
      sha256: "207f4ddda99b95b4d4868320a352d374b0b7e05eefad95a4a26f57da413443f5"
      url: "https://pub.dev"
    source: hosted
    version: "3.0.5"
  url_launcher_macos:
    dependency: transitive
    description:
      name: url_launcher_macos
      sha256: "91ee3e75ea9dadf38036200c5d3743518f4a5eb77a8d13fda1ee5764373f185e"
      url: "https://pub.dev"
    source: hosted
    version: "3.0.5"
  url_launcher_platform_interface:
    dependency: transitive
    description:
      name: url_launcher_platform_interface
      sha256: "6c9ca697a5ae218ce56cece69d46128169a58aa8653c1b01d26fcd4aad8c4370"
      url: "https://pub.dev"
    source: hosted
    version: "2.1.2"
  url_launcher_web:
    dependency: transitive
    description:
      name: url_launcher_web
      sha256: "6bb1e5d7fe53daf02a8fee85352432a40b1f868a81880e99ec7440113d5cfcab"
      url: "https://pub.dev"
    source: hosted
    version: "2.0.17"
  url_launcher_windows:
    dependency: transitive
    description:
      name: url_launcher_windows
      sha256: "254708f17f7c20a9c8c471f67d86d76d4a3f9c1591aad1e15292008aceb82771"
      url: "https://pub.dev"
    source: hosted
    version: "3.0.6"
  url_strategy:
    dependency: "direct main"
    description:
      name: url_strategy
      sha256: "42b68b42a9864c4d710401add17ad06e28f1c1d5500c93b98c431f6b0ea4ab87"
      url: "https://pub.dev"
    source: hosted
    version: "0.2.0"
  vector_graphics:
    dependency: transitive
    description:
      name: vector_graphics
      sha256: b96f10cbdfcbd03a65758633a43e7d04574438f059b1043104b5d61b23d38a4f
      url: "https://pub.dev"
    source: hosted
    version: "1.1.6"
  vector_graphics_codec:
    dependency: transitive
    description:
      name: vector_graphics_codec
      sha256: "57a8e6e24662a3bdfe3b3d61257db91768700c0b8f844e235877b56480f31c69"
      url: "https://pub.dev"
    source: hosted
    version: "1.1.6"
  vector_graphics_compiler:
    dependency: transitive
    description:
      name: vector_graphics_compiler
      sha256: "7430f5d834d0db4560d7b19863362cd892f1e52b43838553a3c5cdfc9ab28e5b"
      url: "https://pub.dev"
    source: hosted
    version: "1.1.6"
  vector_math:
    dependency: transitive
    description:
      name: vector_math
      sha256: "80b3257d1492ce4d091729e3a67a60407d227c27241d6927be0130c98e741803"
      url: "https://pub.dev"
    source: hosted
    version: "2.1.4"
  visibility_detector:
    dependency: transitive
    description:
      name: visibility_detector
      sha256: dd5cc11e13494f432d15939c3aa8ae76844c42b723398643ce9addb88a5ed420
      url: "https://pub.dev"
    source: hosted
    version: "0.4.0+2"
  vm_service:
    dependency: transitive
    description:
      name: vm_service
      sha256: c620a6f783fa22436da68e42db7ebbf18b8c44b9a46ab911f666ff09ffd9153f
      url: "https://pub.dev"
    source: hosted
    version: "11.7.1"
  watcher:
    dependency: transitive
    description:
      name: watcher
      sha256: "3d2ad6751b3c16cf07c7fca317a1413b3f26530319181b37e3b9039b84fc01d8"
      url: "https://pub.dev"
    source: hosted
    version: "1.1.0"
  web:
    dependency: transitive
    description:
      name: web
      sha256: dc8ccd225a2005c1be616fe02951e2e342092edf968cf0844220383757ef8f10
      url: "https://pub.dev"
    source: hosted
    version: "0.1.4-beta"
  web_browser_detect:
    dependency: transitive
    description:
      name: web_browser_detect
      sha256: "78ba66860b61a993030788a3a4586fb21cb7d9cef966cfd24faa9ad487c3fd8b"
      url: "https://pub.dev"
    source: hosted
    version: "2.0.3"
  web_socket_channel:
    dependency: transitive
    description:
      name: web_socket_channel
      sha256: d88238e5eac9a42bb43ca4e721edba3c08c6354d4a53063afaa568516217621b
      url: "https://pub.dev"
    source: hosted
    version: "2.4.0"
  webdriver:
    dependency: transitive
    description:
      name: webdriver
      sha256: "3c923e918918feeb90c4c9fdf1fe39220fa4c0e8e2c0fffaded174498ef86c49"
      url: "https://pub.dev"
    source: hosted
    version: "3.0.2"
  webkit_inspection_protocol:
    dependency: transitive
    description:
      name: webkit_inspection_protocol
      sha256: "67d3a8b6c79e1987d19d848b0892e582dbb0c66c57cc1fef58a177dd2aa2823d"
      url: "https://pub.dev"
    source: hosted
    version: "1.2.0"
  win32:
    dependency: transitive
    description:
      name: win32
      sha256: "5a751eddf9db89b3e5f9d50c20ab8612296e4e8db69009788d6c8b060a84191c"
      url: "https://pub.dev"
    source: hosted
    version: "4.1.4"
  xdg_directories:
    dependency: transitive
    description:
      name: xdg_directories
      sha256: ee1505df1426458f7f60aac270645098d318a8b4766d85fde75f76f2e21807d1
      url: "https://pub.dev"
    source: hosted
    version: "1.0.0"
  xml:
    dependency: transitive
    description:
      name: xml
      sha256: "5bc72e1e45e941d825fd7468b9b4cc3b9327942649aeb6fc5cdbf135f0a86e84"
      url: "https://pub.dev"
    source: hosted
    version: "6.3.0"
  yaml:
    dependency: transitive
    description:
      name: yaml
      sha256: "75769501ea3489fca56601ff33454fe45507ea3bfb014161abc3b43ae25989d5"
      url: "https://pub.dev"
    source: hosted
    version: "3.1.2"
sdks:
  dart: ">=3.0.2 <4.0.0"
  flutter: ">=3.10.4"
