# This file is generated by gogradle automatically, you should NEVER modify it manually.
---
apiVersion: "0.8.1"
dependencies:
  build:
  - name: "./github.com/apache/beam/sdks/go"
    dir: "/Users/herohde/go/src/github.com/apache/beam/sdks/go"
    transitive: false
  - name: "cloud.google.com/go"
    host:
      name: "./github.com/apache/beam/sdks/go"
      dir: "/Users/herohde/go/src/github.com/apache/beam/sdks/go"
    vendorPath: "vendor/cloud.google.com/go"
    transitive: false
  - name: "github.com/Shopify/sarama"
    host:
      name: "./github.com/apache/beam/sdks/go"
      dir: "/Users/herohde/go/src/github.com/apache/beam/sdks/go"
    vendorPath: "vendor/github.com/Shopify/sarama"
    transitive: false
  - name: "github.com/armon/consul-api"
    host:
      name: "./github.com/apache/beam/sdks/go"
      dir: "/Users/herohde/go/src/github.com/apache/beam/sdks/go"
    vendorPath: "vendor/github.com/armon/consul-api"
    transitive: false
  - name: "github.com/beorn7/perks"
    host:
      name: "./github.com/apache/beam/sdks/go"
      dir: "/Users/herohde/go/src/github.com/apache/beam/sdks/go"
    vendorPath: "vendor/github.com/beorn7/perks"
    transitive: false
  - name: "github.com/bgentry/speakeasy"
    host:
      name: "./github.com/apache/beam/sdks/go"
      dir: "/Users/herohde/go/src/github.com/apache/beam/sdks/go"
    vendorPath: "vendor/github.com/bgentry/speakeasy"
    transitive: false
  - name: "github.com/coreos/bbolt"
    host:
      name: "./github.com/apache/beam/sdks/go"
      dir: "/Users/herohde/go/src/github.com/apache/beam/sdks/go"
    vendorPath: "vendor/github.com/coreos/bbolt"
    transitive: false
  - name: "github.com/coreos/etcd"
    host:
      name: "./github.com/apache/beam/sdks/go"
      dir: "/Users/herohde/go/src/github.com/apache/beam/sdks/go"
    vendorPath: "vendor/github.com/coreos/etcd"
    transitive: false
  - name: "github.com/coreos/go-semver"
    host:
      name: "./github.com/apache/beam/sdks/go"
      dir: "/Users/herohde/go/src/github.com/apache/beam/sdks/go"
    vendorPath: "vendor/github.com/coreos/go-semver"
    transitive: false
  - name: "github.com/coreos/go-systemd"
    host:
      name: "./github.com/apache/beam/sdks/go"
      dir: "/Users/herohde/go/src/github.com/apache/beam/sdks/go"
    vendorPath: "vendor/github.com/coreos/go-systemd"
    transitive: false
  - name: "github.com/coreos/pkg"
    host:
      name: "./github.com/apache/beam/sdks/go"
      dir: "/Users/herohde/go/src/github.com/apache/beam/sdks/go"
    vendorPath: "vendor/github.com/coreos/pkg"
    transitive: false
  - name: "github.com/cpuguy83/go-md2man"
    host:
      name: "./github.com/apache/beam/sdks/go"
      dir: "/Users/herohde/go/src/github.com/apache/beam/sdks/go"
    vendorPath: "vendor/github.com/cpuguy83/go-md2man"
    transitive: false
  - name: "github.com/davecgh/go-spew"
    host:
      name: "./github.com/apache/beam/sdks/go"
      dir: "/Users/herohde/go/src/github.com/apache/beam/sdks/go"
    vendorPath: "vendor/github.com/davecgh/go-spew"
    transitive: false
  - name: "github.com/dgrijalva/jwt-go"
    host:
      name: "./github.com/apache/beam/sdks/go"
      dir: "/Users/herohde/go/src/github.com/apache/beam/sdks/go"
    vendorPath: "vendor/github.com/dgrijalva/jwt-go"
    transitive: false
  - name: "github.com/dustin/go-humanize"
    host:
      name: "./github.com/apache/beam/sdks/go"
      dir: "/Users/herohde/go/src/github.com/apache/beam/sdks/go"
    vendorPath: "vendor/github.com/dustin/go-humanize"
    transitive: false
  - name: "github.com/eapache/go-resiliency"
    host:
      name: "./github.com/apache/beam/sdks/go"
      dir: "/Users/herohde/go/src/github.com/apache/beam/sdks/go"
    vendorPath: "vendor/github.com/eapache/go-resiliency"
    transitive: false
  - name: "github.com/eapache/go-xerial-snappy"
    host:
      name: "./github.com/apache/beam/sdks/go"
      dir: "/Users/herohde/go/src/github.com/apache/beam/sdks/go"
    vendorPath: "vendor/github.com/eapache/go-xerial-snappy"
    transitive: false
  - name: "github.com/eapache/queue"
    host:
      name: "./github.com/apache/beam/sdks/go"
      dir: "/Users/herohde/go/src/github.com/apache/beam/sdks/go"
    vendorPath: "vendor/github.com/eapache/queue"
    transitive: false
  - name: "github.com/fsnotify/fsnotify"
    host:
      name: "./github.com/apache/beam/sdks/go"
      dir: "/Users/herohde/go/src/github.com/apache/beam/sdks/go"
    vendorPath: "vendor/github.com/fsnotify/fsnotify"
    transitive: false
  - name: "github.com/ghodss/yaml"
    host:
      name: "./github.com/apache/beam/sdks/go"
      dir: "/Users/herohde/go/src/github.com/apache/beam/sdks/go"
    vendorPath: "vendor/github.com/ghodss/yaml"
    transitive: false
  - name: "github.com/gogo/protobuf"
    host:
      name: "./github.com/apache/beam/sdks/go"
      dir: "/Users/herohde/go/src/github.com/apache/beam/sdks/go"
    vendorPath: "vendor/github.com/gogo/protobuf"
    transitive: false
  - name: "github.com/golang/glog"
    host:
      name: "./github.com/apache/beam/sdks/go"
      dir: "/Users/herohde/go/src/github.com/apache/beam/sdks/go"
    vendorPath: "vendor/github.com/golang/glog"
    transitive: false
  - name: "github.com/golang/groupcache"
    host:
      name: "./github.com/apache/beam/sdks/go"
      dir: "/Users/herohde/go/src/github.com/apache/beam/sdks/go"
    vendorPath: "vendor/github.com/golang/groupcache"
    transitive: false
  - name: "github.com/golang/mock"
    host:
      name: "./github.com/apache/beam/sdks/go"
      dir: "/Users/herohde/go/src/github.com/apache/beam/sdks/go"
    vendorPath: "vendor/github.com/golang/mock"
    transitive: false
  - name: "github.com/golang/protobuf"
    host:
      name: "./github.com/apache/beam/sdks/go"
      dir: "/Users/herohde/go/src/github.com/apache/beam/sdks/go"
    vendorPath: "vendor/github.com/golang/protobuf"
    transitive: false
  - name: "github.com/golang/snappy"
    host:
      name: "./github.com/apache/beam/sdks/go"
      dir: "/Users/herohde/go/src/github.com/apache/beam/sdks/go"
    vendorPath: "vendor/github.com/golang/snappy"
    transitive: false
  - name: "github.com/google/btree"
    host:
      name: "./github.com/apache/beam/sdks/go"
      dir: "/Users/herohde/go/src/github.com/apache/beam/sdks/go"
    vendorPath: "vendor/github.com/google/btree"
    transitive: false
  - name: "github.com/google/go-cmp"
    host:
      name: "./github.com/apache/beam/sdks/go"
      dir: "/Users/herohde/go/src/github.com/apache/beam/sdks/go"
    vendorPath: "vendor/github.com/google/go-cmp"
    transitive: false
  - name: "github.com/google/pprof"
    host:
      name: "./github.com/apache/beam/sdks/go"
      dir: "/Users/herohde/go/src/github.com/apache/beam/sdks/go"
    vendorPath: "vendor/github.com/google/pprof"
    transitive: false
  - name: "github.com/googleapis/gax-go"
    host:
      name: "./github.com/apache/beam/sdks/go"
      dir: "/Users/herohde/go/src/github.com/apache/beam/sdks/go"
    vendorPath: "vendor/github.com/googleapis/gax-go"
    transitive: false
  - name: "github.com/gorilla/websocket"
    host:
      name: "./github.com/apache/beam/sdks/go"
      dir: "/Users/herohde/go/src/github.com/apache/beam/sdks/go"
    vendorPath: "vendor/github.com/gorilla/websocket"
    transitive: false
  - name: "github.com/grpc-ecosystem/go-grpc-prometheus"
    host:
      name: "./github.com/apache/beam/sdks/go"
      dir: "/Users/herohde/go/src/github.com/apache/beam/sdks/go"
    vendorPath: "vendor/github.com/grpc-ecosystem/go-grpc-prometheus"
    transitive: false
  - name: "github.com/grpc-ecosystem/grpc-gateway"
    host:
      name: "./github.com/apache/beam/sdks/go"
      dir: "/Users/herohde/go/src/github.com/apache/beam/sdks/go"
    vendorPath: "vendor/github.com/grpc-ecosystem/grpc-gateway"
    transitive: false
  - name: "github.com/hashicorp/hcl"
    host:
      name: "./github.com/apache/beam/sdks/go"
      dir: "/Users/herohde/go/src/github.com/apache/beam/sdks/go"
    vendorPath: "vendor/github.com/hashicorp/hcl"
    transitive: false
  - name: "github.com/ianlancetaylor/demangle"
    host:
      name: "./github.com/apache/beam/sdks/go"
      dir: "/Users/herohde/go/src/github.com/apache/beam/sdks/go"
    vendorPath: "vendor/github.com/ianlancetaylor/demangle"
    transitive: false
  - name: "github.com/inconshreveable/mousetrap"
    host:
      name: "./github.com/apache/beam/sdks/go"
      dir: "/Users/herohde/go/src/github.com/apache/beam/sdks/go"
    vendorPath: "vendor/github.com/inconshreveable/mousetrap"
    transitive: false
  - name: "github.com/jonboulle/clockwork"
    host:
      name: "./github.com/apache/beam/sdks/go"
      dir: "/Users/herohde/go/src/github.com/apache/beam/sdks/go"
    vendorPath: "vendor/github.com/jonboulle/clockwork"
    transitive: false
  - name: "github.com/kr/fs"
    host:
      name: "./github.com/apache/beam/sdks/go"
      dir: "/Users/herohde/go/src/github.com/apache/beam/sdks/go"
    vendorPath: "vendor/github.com/kr/fs"
    transitive: false
  - name: "github.com/kr/pty"
    host:
      name: "./github.com/apache/beam/sdks/go"
      dir: "/Users/herohde/go/src/github.com/apache/beam/sdks/go"
    vendorPath: "vendor/github.com/kr/pty"
    transitive: false
  - name: "github.com/magiconair/properties"
    host:
      name: "./github.com/apache/beam/sdks/go"
      dir: "/Users/herohde/go/src/github.com/apache/beam/sdks/go"
    vendorPath: "vendor/github.com/magiconair/properties"
    transitive: false
  - name: "github.com/mattn/go-runewidth"
    host:
      name: "./github.com/apache/beam/sdks/go"
      dir: "/Users/herohde/go/src/github.com/apache/beam/sdks/go"
    vendorPath: "vendor/github.com/mattn/go-runewidth"
    transitive: false
  - name: "github.com/matttproud/golang_protobuf_extensions"
    host:
      name: "./github.com/apache/beam/sdks/go"
      dir: "/Users/herohde/go/src/github.com/apache/beam/sdks/go"
    vendorPath: "vendor/github.com/matttproud/golang_protobuf_extensions"
    transitive: false
  - name: "github.com/mitchellh/go-homedir"
    host:
      name: "./github.com/apache/beam/sdks/go"
      dir: "/Users/herohde/go/src/github.com/apache/beam/sdks/go"
    vendorPath: "vendor/github.com/mitchellh/go-homedir"
    transitive: false
  - name: "github.com/mitchellh/mapstructure"
    host:
      name: "./github.com/apache/beam/sdks/go"
      dir: "/Users/herohde/go/src/github.com/apache/beam/sdks/go"
    vendorPath: "vendor/github.com/mitchellh/mapstructure"
    transitive: false
  - name: "github.com/olekukonko/tablewriter"
    host:
      name: "./github.com/apache/beam/sdks/go"
      dir: "/Users/herohde/go/src/github.com/apache/beam/sdks/go"
    vendorPath: "vendor/github.com/olekukonko/tablewriter"
    transitive: false
  - name: "github.com/openzipkin/zipkin-go"
    host:
      name: "./github.com/apache/beam/sdks/go"
      dir: "/Users/herohde/go/src/github.com/apache/beam/sdks/go"
    vendorPath: "vendor/github.com/openzipkin/zipkin-go"
    transitive: false
  - name: "github.com/pelletier/go-toml"
    host:
      name: "./github.com/apache/beam/sdks/go"
      dir: "/Users/herohde/go/src/github.com/apache/beam/sdks/go"
    vendorPath: "vendor/github.com/pelletier/go-toml"
    transitive: false
  - name: "github.com/petar/GoLLRB"
    host:
      name: "./github.com/apache/beam/sdks/go"
      dir: "/Users/herohde/go/src/github.com/apache/beam/sdks/go"
    vendorPath: "vendor/github.com/petar/GoLLRB"
    transitive: false
  - name: "github.com/pierrec/lz4"
    host:
      name: "./github.com/apache/beam/sdks/go"
      dir: "/Users/herohde/go/src/github.com/apache/beam/sdks/go"
    vendorPath: "vendor/github.com/pierrec/lz4"
    transitive: false
  - name: "github.com/pierrec/xxHash"
    host:
      name: "./github.com/apache/beam/sdks/go"
      dir: "/Users/herohde/go/src/github.com/apache/beam/sdks/go"
    vendorPath: "vendor/github.com/pierrec/xxHash"
    transitive: false
  - name: "github.com/pkg/errors"
    host:
      name: "./github.com/apache/beam/sdks/go"
      dir: "/Users/herohde/go/src/github.com/apache/beam/sdks/go"
    vendorPath: "vendor/github.com/pkg/errors"
    transitive: false
  - name: "github.com/pkg/sftp"
    host:
      name: "./github.com/apache/beam/sdks/go"
      dir: "/Users/herohde/go/src/github.com/apache/beam/sdks/go"
    vendorPath: "vendor/github.com/pkg/sftp"
    transitive: false
  - name: "github.com/prometheus/client_golang"
    host:
      name: "./github.com/apache/beam/sdks/go"
      dir: "/Users/herohde/go/src/github.com/apache/beam/sdks/go"
    vendorPath: "vendor/github.com/prometheus/client_golang"
    transitive: false
  - name: "github.com/prometheus/client_model"
    host:
      name: "./github.com/apache/beam/sdks/go"
      dir: "/Users/herohde/go/src/github.com/apache/beam/sdks/go"
    vendorPath: "vendor/github.com/prometheus/client_model"
    transitive: false
  - name: "github.com/prometheus/common"
    host:
      name: "./github.com/apache/beam/sdks/go"
      dir: "/Users/herohde/go/src/github.com/apache/beam/sdks/go"
    vendorPath: "vendor/github.com/prometheus/common"
    transitive: false
  - name: "github.com/prometheus/procfs"
    host:
      name: "./github.com/apache/beam/sdks/go"
      dir: "/Users/herohde/go/src/github.com/apache/beam/sdks/go"
    vendorPath: "vendor/github.com/prometheus/procfs"
    transitive: false
  - name: "github.com/rcrowley/go-metrics"
    host:
      name: "./github.com/apache/beam/sdks/go"
      dir: "/Users/herohde/go/src/github.com/apache/beam/sdks/go"
    vendorPath: "vendor/github.com/rcrowley/go-metrics"
    transitive: false
  - name: "github.com/russross/blackfriday"
    host:
      name: "./github.com/apache/beam/sdks/go"
      dir: "/Users/herohde/go/src/github.com/apache/beam/sdks/go"
    vendorPath: "vendor/github.com/russross/blackfriday"
    transitive: false
  - name: "github.com/shurcooL/sanitized_anchor_name"
    host:
      name: "./github.com/apache/beam/sdks/go"
      dir: "/Users/herohde/go/src/github.com/apache/beam/sdks/go"
    vendorPath: "vendor/github.com/shurcooL/sanitized_anchor_name"
    transitive: false
  - name: "github.com/sirupsen/logrus"
    host:
      name: "./github.com/apache/beam/sdks/go"
      dir: "/Users/herohde/go/src/github.com/apache/beam/sdks/go"
    vendorPath: "vendor/github.com/sirupsen/logrus"
    transitive: false
  - name: "github.com/soheilhy/cmux"
    host:
      name: "./github.com/apache/beam/sdks/go"
      dir: "/Users/herohde/go/src/github.com/apache/beam/sdks/go"
    vendorPath: "vendor/github.com/soheilhy/cmux"
    transitive: false
  - name: "github.com/spf13/afero"
    host:
      name: "./github.com/apache/beam/sdks/go"
      dir: "/Users/herohde/go/src/github.com/apache/beam/sdks/go"
    vendorPath: "vendor/github.com/spf13/afero"
    transitive: false
  - name: "github.com/spf13/cast"
    host:
      name: "./github.com/apache/beam/sdks/go"
      dir: "/Users/herohde/go/src/github.com/apache/beam/sdks/go"
    vendorPath: "vendor/github.com/spf13/cast"
    transitive: false
  - name: "github.com/spf13/cobra"
    host:
      name: "./github.com/apache/beam/sdks/go"
      dir: "/Users/herohde/go/src/github.com/apache/beam/sdks/go"
    vendorPath: "vendor/github.com/spf13/cobra"
    transitive: false
  - name: "github.com/spf13/jwalterweatherman"
    host:
      name: "./github.com/apache/beam/sdks/go"
      dir: "/Users/herohde/go/src/github.com/apache/beam/sdks/go"
    vendorPath: "vendor/github.com/spf13/jwalterweatherman"
    transitive: false
  - name: "github.com/spf13/pflag"
    host:
      name: "./github.com/apache/beam/sdks/go"
      dir: "/Users/herohde/go/src/github.com/apache/beam/sdks/go"
    vendorPath: "vendor/github.com/spf13/pflag"
    transitive: false
  - name: "github.com/spf13/viper"
    host:
      name: "./github.com/apache/beam/sdks/go"
      dir: "/Users/herohde/go/src/github.com/apache/beam/sdks/go"
    vendorPath: "vendor/github.com/spf13/viper"
    transitive: false
  - name: "github.com/stathat/go"
    host:
      name: "./github.com/apache/beam/sdks/go"
      dir: "/Users/herohde/go/src/github.com/apache/beam/sdks/go"
    vendorPath: "vendor/github.com/stathat/go"
    transitive: false
  - name: "github.com/tmc/grpc-websocket-proxy"
    host:
      name: "./github.com/apache/beam/sdks/go"
      dir: "/Users/herohde/go/src/github.com/apache/beam/sdks/go"
    vendorPath: "vendor/github.com/tmc/grpc-websocket-proxy"
    transitive: false
  - name: "github.com/ugorji/go"
    host:
      name: "./github.com/apache/beam/sdks/go"
      dir: "/Users/herohde/go/src/github.com/apache/beam/sdks/go"
    vendorPath: "vendor/github.com/ugorji/go"
    transitive: false
  - name: "github.com/urfave/cli"
    host:
      name: "./github.com/apache/beam/sdks/go"
      dir: "/Users/herohde/go/src/github.com/apache/beam/sdks/go"
    vendorPath: "vendor/github.com/urfave/cli"
    transitive: false
  - name: "github.com/xiang90/probing"
    host:
      name: "./github.com/apache/beam/sdks/go"
      dir: "/Users/herohde/go/src/github.com/apache/beam/sdks/go"
    vendorPath: "vendor/github.com/xiang90/probing"
    transitive: false
  - name: "github.com/xordataexchange/crypt"
    host:
      name: "./github.com/apache/beam/sdks/go"
      dir: "/Users/herohde/go/src/github.com/apache/beam/sdks/go"
    vendorPath: "vendor/github.com/xordataexchange/crypt"
    transitive: false
  - name: "go.opencensus.io"
    host:
      name: "./github.com/apache/beam/sdks/go"
      dir: "/Users/herohde/go/src/github.com/apache/beam/sdks/go"
    vendorPath: "vendor/go.opencensus.io"
    transitive: false
  - name: "golang.org/x/crypto"
    host:
      name: "./github.com/apache/beam/sdks/go"
      dir: "/Users/herohde/go/src/github.com/apache/beam/sdks/go"
    vendorPath: "vendor/golang.org/x/crypto"
    transitive: false
  - name: "golang.org/x/debug"
    host:
      name: "./github.com/apache/beam/sdks/go"
      dir: "/Users/herohde/go/src/github.com/apache/beam/sdks/go"
    vendorPath: "vendor/golang.org/x/debug"
    transitive: false
  - name: "golang.org/x/net"
    host:
      name: "./github.com/apache/beam/sdks/go"
      dir: "/Users/herohde/go/src/github.com/apache/beam/sdks/go"
    vendorPath: "vendor/golang.org/x/net"
    transitive: false
  - name: "golang.org/x/oauth2"
    host:
      name: "./github.com/apache/beam/sdks/go"
      dir: "/Users/herohde/go/src/github.com/apache/beam/sdks/go"
    vendorPath: "vendor/golang.org/x/oauth2"
    transitive: false
  - name: "golang.org/x/sync"
    host:
      name: "./github.com/apache/beam/sdks/go"
      dir: "/Users/herohde/go/src/github.com/apache/beam/sdks/go"
    vendorPath: "vendor/golang.org/x/sync"
    transitive: false
  - name: "golang.org/x/sys"
    host:
      name: "./github.com/apache/beam/sdks/go"
      dir: "/Users/herohde/go/src/github.com/apache/beam/sdks/go"
    vendorPath: "vendor/golang.org/x/sys"
    transitive: false
  - name: "golang.org/x/text"
    host:
      name: "./github.com/apache/beam/sdks/go"
      dir: "/Users/herohde/go/src/github.com/apache/beam/sdks/go"
    vendorPath: "vendor/golang.org/x/text"
    transitive: false
  - name: "golang.org/x/time"
    host:
      name: "./github.com/apache/beam/sdks/go"
      dir: "/Users/herohde/go/src/github.com/apache/beam/sdks/go"
    vendorPath: "vendor/golang.org/x/time"
    transitive: false
  - name: "google.golang.org/api"
    host:
      name: "./github.com/apache/beam/sdks/go"
      dir: "/Users/herohde/go/src/github.com/apache/beam/sdks/go"
    vendorPath: "vendor/google.golang.org/api"
    transitive: false
  - name: "google.golang.org/genproto"
    host:
      name: "./github.com/apache/beam/sdks/go"
      dir: "/Users/herohde/go/src/github.com/apache/beam/sdks/go"
    vendorPath: "vendor/google.golang.org/genproto"
    transitive: false
  - name: "google.golang.org/grpc"
    host:
      name: "./github.com/apache/beam/sdks/go"
      dir: "/Users/herohde/go/src/github.com/apache/beam/sdks/go"
    vendorPath: "vendor/google.golang.org/grpc"
    transitive: false
  - name: "gopkg.in/cheggaaa/pb.v1"
    host:
      name: "./github.com/apache/beam/sdks/go"
      dir: "/Users/herohde/go/src/github.com/apache/beam/sdks/go"
    vendorPath: "vendor/gopkg.in/cheggaaa/pb.v1"
    transitive: false
  - name: "gopkg.in/yaml.v2"
    host:
      name: "./github.com/apache/beam/sdks/go"
      dir: "/Users/herohde/go/src/github.com/apache/beam/sdks/go"
    vendorPath: "vendor/gopkg.in/yaml.v2"
    transitive: false
  test: []
