# This file is generated by gogradle automatically, you should NEVER modify it manually.
---
apiVersion: "0.11.4"
dependencies:
  build:
  - vcs: "git"
    name: "cloud.google.com/go"
    commit: "4f6c921ec566a33844f4e7879b31cd8575a6982d"
    url: "https://code.googlesource.com/gocloud"
    transitive: false
  - urls:
    - "https://github.com/Shopify/sarama.git"
    - "git@github.com:Shopify/sarama.git"
    vcs: "git"
    name: "github.com/Shopify/sarama"
    commit: "541689b9f4212043471eb537fa72da507025d3ea"
    transitive: false
  - urls:
    - "https://github.com/armon/consul-api.git"
    - "git@github.com:armon/consul-api.git"
    vcs: "git"
    name: "github.com/armon/consul-api"
    commit: "eb2c6b5be1b66bab83016e0b05f01b8d5496ffbd"
    transitive: false
  - name: "github.com/beorn7/perks"
    host:
      name: "github.com/etcd-io/etcd"
      commit: "11214aa33bf5a47d3d9d8dafe0f6b97237dfe921"
      urls:
      - "https://github.com/etcd-io/etcd.git"
      - "git@github.com:etcd-io/etcd.git"
      vcs: "git"
    vendorPath: "vendor/github.com/beorn7/perks"
    transitive: false
  - name: "github.com/bgentry/speakeasy"
    host:
      name: "github.com/etcd-io/etcd"
      commit: "11214aa33bf5a47d3d9d8dafe0f6b97237dfe921"
      urls:
      - "https://github.com/etcd-io/etcd.git"
      - "git@github.com:etcd-io/etcd.git"
      vcs: "git"
    vendorPath: "vendor/github.com/bgentry/speakeasy"
    transitive: false
  - name: "github.com/coreos/bbolt"
    host:
      name: "github.com/etcd-io/etcd"
      commit: "11214aa33bf5a47d3d9d8dafe0f6b97237dfe921"
      urls:
      - "https://github.com/etcd-io/etcd.git"
      - "git@github.com:etcd-io/etcd.git"
      vcs: "git"
    vendorPath: "vendor/github.com/coreos/bbolt"
    transitive: false
  - name: "github.com/coreos/go-semver"
    host:
      name: "github.com/etcd-io/etcd"
      commit: "11214aa33bf5a47d3d9d8dafe0f6b97237dfe921"
      urls:
      - "https://github.com/etcd-io/etcd.git"
      - "git@github.com:etcd-io/etcd.git"
      vcs: "git"
    vendorPath: "vendor/github.com/coreos/go-semver"
    transitive: false
  - name: "github.com/coreos/go-systemd"
    host:
      name: "github.com/etcd-io/etcd"
      commit: "11214aa33bf5a47d3d9d8dafe0f6b97237dfe921"
      urls:
      - "https://github.com/etcd-io/etcd.git"
      - "git@github.com:etcd-io/etcd.git"
      vcs: "git"
    vendorPath: "vendor/github.com/coreos/go-systemd"
    transitive: false
  - name: "github.com/coreos/pkg"
    host:
      name: "github.com/etcd-io/etcd"
      commit: "11214aa33bf5a47d3d9d8dafe0f6b97237dfe921"
      urls:
      - "https://github.com/etcd-io/etcd.git"
      - "git@github.com:etcd-io/etcd.git"
      vcs: "git"
    vendorPath: "vendor/github.com/coreos/pkg"
    transitive: false
  - urls:
    - "https://github.com/cpuguy83/go-md2man.git"
    - "git@github.com:cpuguy83/go-md2man.git"
    vcs: "git"
    name: "github.com/cpuguy83/go-md2man"
    commit: "dc9f53734905c233adfc09fd4f063dce63ce3daf"
    transitive: false
  - urls:
    - "https://github.com/davecgh/go-spew.git"
    - "git@github.com:davecgh/go-spew.git"
    vcs: "git"
    name: "github.com/davecgh/go-spew"
    commit: "87df7c60d5820d0f8ae11afede5aa52325c09717"
    transitive: false
  - name: "github.com/dgrijalva/jwt-go"
    host:
      name: "github.com/etcd-io/etcd"
      commit: "11214aa33bf5a47d3d9d8dafe0f6b97237dfe921"
      urls:
      - "https://github.com/etcd-io/etcd.git"
      - "git@github.com:etcd-io/etcd.git"
      vcs: "git"
    vendorPath: "vendor/github.com/dgrijalva/jwt-go"
    transitive: false
  - name: "github.com/dustin/go-humanize"
    host:
      name: "github.com/etcd-io/etcd"
      commit: "11214aa33bf5a47d3d9d8dafe0f6b97237dfe921"
      urls:
      - "https://github.com/etcd-io/etcd.git"
      - "git@github.com:etcd-io/etcd.git"
      vcs: "git"
    vendorPath: "vendor/github.com/dustin/go-humanize"
    transitive: false
  - urls:
    - "https://github.com/eapache/go-resiliency.git"
    - "git@github.com:eapache/go-resiliency.git"
    vcs: "git"
    name: "github.com/eapache/go-resiliency"
    commit: "ef9aaa7ea8bd2448429af1a77cf41b2b3b34bdd6"
    transitive: false
  - urls:
    - "https://github.com/eapache/go-xerial-snappy.git"
    - "git@github.com:eapache/go-xerial-snappy.git"
    vcs: "git"
    name: "github.com/eapache/go-xerial-snappy"
    commit: "bb955e01b9346ac19dc29eb16586c90ded99a98c"
    transitive: false
  - urls:
    - "https://github.com/eapache/queue.git"
    - "git@github.com:eapache/queue.git"
    vcs: "git"
    name: "github.com/eapache/queue"
    commit: "44cc805cf13205b55f69e14bcb69867d1ae92f98"
    transitive: false
  - urls:
    - "https://github.com/etcd-io/etcd.git"
    - "git@github.com:etcd-io/etcd.git"
    vcs: "git"
    name: "github.com/etcd-io/etcd"
    commit: "11214aa33bf5a47d3d9d8dafe0f6b97237dfe921"
    transitive: false
  - urls:
    - "https://github.com/fsnotify/fsnotify.git"
    - "git@github.com:fsnotify/fsnotify.git"
    vcs: "git"
    name: "github.com/fsnotify/fsnotify"
    commit: "c2828203cd70a50dcccfb2761f8b1f8ceef9a8e9"
    transitive: false
  - name: "github.com/ghodss/yaml"
    host:
      name: "github.com/etcd-io/etcd"
      commit: "11214aa33bf5a47d3d9d8dafe0f6b97237dfe921"
      urls:
      - "https://github.com/etcd-io/etcd.git"
      - "git@github.com:etcd-io/etcd.git"
      vcs: "git"
    vendorPath: "vendor/github.com/ghodss/yaml"
    transitive: false
  - name: "github.com/gogo/protobuf"
    host:
      name: "github.com/etcd-io/etcd"
      commit: "11214aa33bf5a47d3d9d8dafe0f6b97237dfe921"
      urls:
      - "https://github.com/etcd-io/etcd.git"
      - "git@github.com:etcd-io/etcd.git"
      vcs: "git"
    vendorPath: "vendor/github.com/gogo/protobuf"
    transitive: false
  - urls:
    - "https://github.com/golang/glog.git"
    - "git@github.com:golang/glog.git"
    vcs: "git"
    name: "github.com/golang/glog"
    commit: "23def4e6c14b4da8ac2ed8007337bc5eb5007998"
    transitive: false
  - name: "github.com/golang/groupcache"
    host:
      name: "github.com/etcd-io/etcd"
      commit: "11214aa33bf5a47d3d9d8dafe0f6b97237dfe921"
      urls:
      - "https://github.com/etcd-io/etcd.git"
      - "git@github.com:etcd-io/etcd.git"
      vcs: "git"
    vendorPath: "vendor/github.com/golang/groupcache"
    transitive: false
  - urls:
    - "https://github.com/golang/mock.git"
    - "git@github.com:golang/mock.git"
    vcs: "git"
    name: "github.com/golang/mock"
    commit: "b3e60bcdc577185fce3cf625fc96b62857ce5574"
    transitive: false
  - urls:
    - "https://github.com/golang/protobuf.git"
    - "git@github.com:golang/protobuf.git"
    vcs: "git"
    name: "github.com/golang/protobuf"
    commit: "ed6926b37a637426117ccab59282c3839528a700"
    transitive: false
  - urls:
    - "https://github.com/golang/snappy.git"
    - "git@github.com:golang/snappy.git"
    vcs: "git"
    name: "github.com/golang/snappy"
    commit: "553a641470496b2327abcac10b36396bd98e45c9"
    transitive: false
  - name: "github.com/google/btree"
    host:
      name: "github.com/etcd-io/etcd"
      commit: "11214aa33bf5a47d3d9d8dafe0f6b97237dfe921"
      urls:
      - "https://github.com/etcd-io/etcd.git"
      - "git@github.com:etcd-io/etcd.git"
      vcs: "git"
    vendorPath: "vendor/github.com/google/btree"
    transitive: false
  - urls:
    - "https://github.com/google/go-cmp.git"
    - "git@github.com:google/go-cmp.git"
    vcs: "git"
    name: "github.com/google/go-cmp"
    commit: "3af367b6b30c263d47e8895973edcca9a49cf029"
    transitive: false
  - urls:
    - "https://github.com/google/pprof.git"
    - "git@github.com:google/pprof.git"
    vcs: "git"
    name: "github.com/google/pprof"
    commit: "a8f279b7952b27edbcb72e5a6c69ee9be4c8ad93"
    transitive: false
  - urls:
    - "https://github.com/googleapis/gax-go.git"
    - "git@github.com:googleapis/gax-go.git"
    vcs: "git"
    name: "github.com/googleapis/gax-go"
    commit: "317e0006254c44a0ac427cc52a0e083ff0b9622f"
    transitive: false
  - name: "github.com/gorilla/websocket"
    host:
      name: "github.com/etcd-io/etcd"
      commit: "11214aa33bf5a47d3d9d8dafe0f6b97237dfe921"
      urls:
      - "https://github.com/etcd-io/etcd.git"
      - "git@github.com:etcd-io/etcd.git"
      vcs: "git"
    vendorPath: "vendor/github.com/gorilla/websocket"
    transitive: false
  - name: "github.com/grpc-ecosystem/go-grpc-prometheus"
    host:
      name: "github.com/etcd-io/etcd"
      commit: "11214aa33bf5a47d3d9d8dafe0f6b97237dfe921"
      urls:
      - "https://github.com/etcd-io/etcd.git"
      - "git@github.com:etcd-io/etcd.git"
      vcs: "git"
    vendorPath: "vendor/github.com/grpc-ecosystem/go-grpc-prometheus"
    transitive: false
  - name: "github.com/grpc-ecosystem/grpc-gateway"
    host:
      name: "github.com/etcd-io/etcd"
      commit: "11214aa33bf5a47d3d9d8dafe0f6b97237dfe921"
      urls:
      - "https://github.com/etcd-io/etcd.git"
      - "git@github.com:etcd-io/etcd.git"
      vcs: "git"
    vendorPath: "vendor/github.com/grpc-ecosystem/grpc-gateway"
    transitive: false
  - urls:
    - "https://github.com/hashicorp/hcl.git"
    - "git@github.com:hashicorp/hcl.git"
    vcs: "git"
    name: "github.com/hashicorp/hcl"
    commit: "23c074d0eceb2b8a5bfdbb271ab780cde70f05a8"
    transitive: false
  - urls:
    - "https://github.com/ianlancetaylor/demangle.git"
    - "git@github.com:ianlancetaylor/demangle.git"
    vcs: "git"
    name: "github.com/ianlancetaylor/demangle"
    commit: "4883227f66371e02c4948937d3e2be1664d9be38"
    transitive: false
  - name: "github.com/inconshreveable/mousetrap"
    host:
      name: "github.com/etcd-io/etcd"
      commit: "11214aa33bf5a47d3d9d8dafe0f6b97237dfe921"
      urls:
      - "https://github.com/etcd-io/etcd.git"
      - "git@github.com:etcd-io/etcd.git"
      vcs: "git"
    vendorPath: "vendor/github.com/inconshreveable/mousetrap"
    transitive: false
  - name: "github.com/jonboulle/clockwork"
    host:
      name: "github.com/etcd-io/etcd"
      commit: "11214aa33bf5a47d3d9d8dafe0f6b97237dfe921"
      urls:
      - "https://github.com/etcd-io/etcd.git"
      - "git@github.com:etcd-io/etcd.git"
      vcs: "git"
    vendorPath: "vendor/github.com/jonboulle/clockwork"
    transitive: false
  - urls:
    - "https://github.com/kr/fs.git"
    - "git@github.com:kr/fs.git"
    vcs: "git"
    name: "github.com/kr/fs"
    commit: "2788f0dbd16903de03cb8186e5c7d97b69ad387b"
    transitive: false
  - name: "github.com/kr/pty"
    host:
      name: "github.com/etcd-io/etcd"
      commit: "11214aa33bf5a47d3d9d8dafe0f6b97237dfe921"
      urls:
      - "https://github.com/etcd-io/etcd.git"
      - "git@github.com:etcd-io/etcd.git"
      vcs: "git"
    vendorPath: "vendor/github.com/kr/pty"
    transitive: false
  - urls:
    - "https://github.com/magiconair/properties.git"
    - "git@github.com:magiconair/properties.git"
    vcs: "git"
    name: "github.com/magiconair/properties"
    commit: "49d762b9817ba1c2e9d0c69183c2b4a8b8f1d934"
    transitive: false
  - name: "github.com/mattn/go-runewidth"
    host:
      name: "github.com/etcd-io/etcd"
      commit: "11214aa33bf5a47d3d9d8dafe0f6b97237dfe921"
      urls:
      - "https://github.com/etcd-io/etcd.git"
      - "git@github.com:etcd-io/etcd.git"
      vcs: "git"
    vendorPath: "vendor/github.com/mattn/go-runewidth"
    transitive: false
  - name: "github.com/matttproud/golang_protobuf_extensions"
    host:
      name: "github.com/etcd-io/etcd"
      commit: "11214aa33bf5a47d3d9d8dafe0f6b97237dfe921"
      urls:
      - "https://github.com/etcd-io/etcd.git"
      - "git@github.com:etcd-io/etcd.git"
      vcs: "git"
    vendorPath: "vendor/github.com/matttproud/golang_protobuf_extensions"
    transitive: false
  - urls:
    - "https://github.com/mitchellh/go-homedir.git"
    - "git@github.com:mitchellh/go-homedir.git"
    vcs: "git"
    name: "github.com/mitchellh/go-homedir"
    commit: "b8bc1bf767474819792c23f32d8286a45736f1c6"
    transitive: false
  - urls:
    - "https://github.com/mitchellh/mapstructure.git"
    - "git@github.com:mitchellh/mapstructure.git"
    vcs: "git"
    name: "github.com/mitchellh/mapstructure"
    commit: "a4e142e9c047c904fa2f1e144d9a84e6133024bc"
    transitive: false
  - urls:
    - "https://github.com/nightlyone/lockfile"
    - "git@github.com:nightlyone/lockfile.git"
    vcs: "git"
    name: "github.com/nightlyone/lockfile"
    commit: "0ad87eef1443f64d3d8c50da647e2b1552851124"
    transitive: false
  - name: "github.com/olekukonko/tablewriter"
    host:
      name: "github.com/etcd-io/etcd"
      commit: "11214aa33bf5a47d3d9d8dafe0f6b97237dfe921"
      urls:
      - "https://github.com/etcd-io/etcd.git"
      - "git@github.com:etcd-io/etcd.git"
      vcs: "git"
    vendorPath: "vendor/github.com/olekukonko/tablewriter"
    transitive: false
  - urls:
    - "https://github.com/openzipkin/zipkin-go.git"
    - "git@github.com:openzipkin/zipkin-go.git"
    vcs: "git"
    name: "github.com/openzipkin/zipkin-go"
    commit: "3741243b287094fda649c7f0fa74bd51f37dc122"
    transitive: false
  - urls:
    - "https://github.com/pelletier/go-toml.git"
    - "git@github.com:pelletier/go-toml.git"
    vcs: "git"
    name: "github.com/pelletier/go-toml"
    commit: "acdc4509485b587f5e675510c4f2c63e90ff68a8"
    transitive: false
  - name: "github.com/petar/GoLLRB"
    host:
      name: "github.com/etcd-io/etcd"
      commit: "11214aa33bf5a47d3d9d8dafe0f6b97237dfe921"
      urls:
      - "https://github.com/etcd-io/etcd.git"
      - "git@github.com:etcd-io/etcd.git"
      vcs: "git"
    vendorPath: "vendor/github.com/petar/GoLLRB"
    transitive: false
  - urls:
    - "https://github.com/pierrec/lz4.git"
    - "git@github.com:pierrec/lz4.git"
    vcs: "git"
    name: "github.com/pierrec/lz4"
    commit: "ed8d4cc3b461464e69798080a0092bd028910298"
    transitive: false
  - urls:
    - "https://github.com/pierrec/xxHash.git"
    - "git@github.com:pierrec/xxHash.git"
    vcs: "git"
    name: "github.com/pierrec/xxHash"
    commit: "a0006b13c722f7f12368c00a3d3c2ae8a999a0c6"
    transitive: false
  - urls:
    - "https://github.com/pkg/errors.git"
    - "git@github.com:pkg/errors.git"
    vcs: "git"
    name: "github.com/pkg/errors"
    commit: "30136e27e2ac8d167177e8a583aa4c3fea5be833"
    transitive: false
  - urls:
    - "https://github.com/pkg/sftp.git"
    - "git@github.com:pkg/sftp.git"
    vcs: "git"
    name: "github.com/pkg/sftp"
    commit: "22e9c1ccc02fc1b9fa3264572e49109b68a86947"
    transitive: false
  - urls:
    - "https://github.com/prometheus/client_golang.git"
    - "git@github.com:prometheus/client_golang.git"
    vcs: "git"
    name: "github.com/prometheus/client_golang"
    commit: "9bb6ab929dcbe1c8393cd9ef70387cb69811bd1c"
    transitive: false
  - name: "github.com/prometheus/client_model"
    host:
      name: "github.com/etcd-io/etcd"
      commit: "11214aa33bf5a47d3d9d8dafe0f6b97237dfe921"
      urls:
      - "https://github.com/etcd-io/etcd.git"
      - "git@github.com:etcd-io/etcd.git"
      vcs: "git"
    vendorPath: "vendor/github.com/prometheus/client_model"
    transitive: false
  - name: "github.com/prometheus/common"
    host:
      name: "github.com/etcd-io/etcd"
      commit: "11214aa33bf5a47d3d9d8dafe0f6b97237dfe921"
      urls:
      - "https://github.com/etcd-io/etcd.git"
      - "git@github.com:etcd-io/etcd.git"
      vcs: "git"
    vendorPath: "vendor/github.com/prometheus/common"
    transitive: false
  - urls:
    - "https://github.com/prometheus/procfs.git"
    - "git@github.com:prometheus/procfs.git"
    vcs: "git"
    name: "github.com/prometheus/procfs"
    commit: "cb4147076ac75738c9a7d279075a253c0cc5acbd"
    transitive: false
  - urls:
    - "https://github.com/rcrowley/go-metrics.git"
    - "git@github.com:rcrowley/go-metrics.git"
    vcs: "git"
    name: "github.com/rcrowley/go-metrics"
    commit: "8732c616f52954686704c8645fe1a9d59e9df7c1"
    transitive: false
  - name: "github.com/russross/blackfriday"
    host:
      name: "github.com/cpuguy83/go-md2man"
      commit: "dc9f53734905c233adfc09fd4f063dce63ce3daf"
      urls:
      - "https://github.com/cpuguy83/go-md2man.git"
      - "git@github.com:cpuguy83/go-md2man.git"
      vcs: "git"
    vendorPath: "vendor/github.com/russross/blackfriday"
    transitive: false
  - name: "github.com/shurcooL/sanitized_anchor_name"
    host:
      name: "github.com/cpuguy83/go-md2man"
      commit: "dc9f53734905c233adfc09fd4f063dce63ce3daf"
      urls:
      - "https://github.com/cpuguy83/go-md2man.git"
      - "git@github.com:cpuguy83/go-md2man.git"
      vcs: "git"
    vendorPath: "vendor/github.com/shurcooL/sanitized_anchor_name"
    transitive: false
  - name: "github.com/sirupsen/logrus"
    host:
      name: "github.com/etcd-io/etcd"
      commit: "11214aa33bf5a47d3d9d8dafe0f6b97237dfe921"
      urls:
      - "https://github.com/etcd-io/etcd.git"
      - "git@github.com:etcd-io/etcd.git"
      vcs: "git"
    vendorPath: "vendor/github.com/sirupsen/logrus"
    transitive: false
  - name: "github.com/soheilhy/cmux"
    host:
      name: "github.com/etcd-io/etcd"
      commit: "11214aa33bf5a47d3d9d8dafe0f6b97237dfe921"
      urls:
      - "https://github.com/etcd-io/etcd.git"
      - "git@github.com:etcd-io/etcd.git"
      vcs: "git"
    vendorPath: "vendor/github.com/soheilhy/cmux"
    transitive: false
  - urls:
    - "https://github.com/spf13/afero.git"
    - "git@github.com:spf13/afero.git"
    vcs: "git"
    name: "github.com/spf13/afero"
    commit: "bb8f1927f2a9d3ab41c9340aa034f6b803f4359c"
    transitive: false
  - urls:
    - "https://github.com/spf13/cast.git"
    - "git@github.com:spf13/cast.git"
    vcs: "git"
    name: "github.com/spf13/cast"
    commit: "acbeb36b902d72a7a4c18e8f3241075e7ab763e4"
    transitive: false
  - urls:
    - "https://github.com/spf13/cobra.git"
    - "git@github.com:spf13/cobra.git"
    vcs: "git"
    name: "github.com/spf13/cobra"
    commit: "93959269ad99e80983c9ba742a7e01203a4c0e4f"
    transitive: false
  - urls:
    - "https://github.com/spf13/jwalterweatherman.git"
    - "git@github.com:spf13/jwalterweatherman.git"
    vcs: "git"
    name: "github.com/spf13/jwalterweatherman"
    commit: "7c0cea34c8ece3fbeb2b27ab9b59511d360fb394"
    transitive: false
  - name: "github.com/spf13/pflag"
    host:
      name: "github.com/etcd-io/etcd"
      commit: "11214aa33bf5a47d3d9d8dafe0f6b97237dfe921"
      urls:
      - "https://github.com/etcd-io/etcd.git"
      - "git@github.com:etcd-io/etcd.git"
      vcs: "git"
    vendorPath: "vendor/github.com/spf13/pflag"
    transitive: false
  - urls:
    - "https://github.com/spf13/viper.git"
    - "git@github.com:spf13/viper.git"
    vcs: "git"
    name: "github.com/spf13/viper"
    commit: "aafc9e6bc7b7bb53ddaa75a5ef49a17d6e654be5"
    transitive: false
  - urls:
    - "https://github.com/stathat/go.git"
    - "git@github.com:stathat/go.git"
    vcs: "git"
    name: "github.com/stathat/go"
    commit: "74669b9f388d9d788c97399a0824adbfee78400e"
    transitive: false
  - name: "github.com/tmc/grpc-websocket-proxy"
    host:
      name: "github.com/etcd-io/etcd"
      commit: "11214aa33bf5a47d3d9d8dafe0f6b97237dfe921"
      urls:
      - "https://github.com/etcd-io/etcd.git"
      - "git@github.com:etcd-io/etcd.git"
      vcs: "git"
    vendorPath: "vendor/github.com/tmc/grpc-websocket-proxy"
    transitive: false
  - name: "github.com/ugorji/go"
    host:
      name: "github.com/etcd-io/etcd"
      commit: "11214aa33bf5a47d3d9d8dafe0f6b97237dfe921"
      urls:
      - "https://github.com/etcd-io/etcd.git"
      - "git@github.com:etcd-io/etcd.git"
      vcs: "git"
    vendorPath: "vendor/github.com/ugorji/go"
    transitive: false
  - name: "github.com/urfave/cli"
    host:
      name: "github.com/etcd-io/etcd"
      commit: "11214aa33bf5a47d3d9d8dafe0f6b97237dfe921"
      urls:
      - "https://github.com/etcd-io/etcd.git"
      - "git@github.com:etcd-io/etcd.git"
      vcs: "git"
    vendorPath: "vendor/github.com/urfave/cli"
    transitive: false
  - name: "github.com/xiang90/probing"
    host:
      name: "github.com/etcd-io/etcd"
      commit: "11214aa33bf5a47d3d9d8dafe0f6b97237dfe921"
      urls:
      - "https://github.com/etcd-io/etcd.git"
      - "git@github.com:etcd-io/etcd.git"
      vcs: "git"
    vendorPath: "vendor/github.com/xiang90/probing"
    transitive: false
  - urls:
    - "https://github.com/xordataexchange/crypt.git"
    - "git@github.com:xordataexchange/crypt.git"
    vcs: "git"
    name: "github.com/xordataexchange/crypt"
    commit: "b2862e3d0a775f18c7cfe02273500ae307b61218"
    transitive: false
  - vcs: "git"
    name: "go.opencensus.io"
    commit: "aa2b39d1618ef56ba156f27cfcdae9042f68f0bc"
    url: "https://github.com/census-instrumentation/opencensus-go"
    transitive: false
  - vcs: "git"
    name: "golang.org/x/crypto"
    commit: "d9133f5469342136e669e85192a26056b587f503"
    url: "https://go.googlesource.com/crypto"
    transitive: false
  - vcs: "git"
    name: "golang.org/x/debug"
    commit: "95515998a8a4bd7448134b2cb5971dbeb12e0b77"
    url: "https://go.googlesource.com/debug"
    transitive: false
  - vcs: "git"
    name: "golang.org/x/net"
    commit: "2fb46b16b8dda405028c50f7c7f0f9dd1fa6bfb1"
    url: "https://go.googlesource.com/net"
    transitive: false
  - vcs: "git"
    name: "golang.org/x/oauth2"
    commit: "a032972e28060ca4f5644acffae3dfc268cc09db"
    url: "https://go.googlesource.com/oauth2"
    transitive: false
  - vcs: "git"
    name: "golang.org/x/sync"
    commit: "fd80eb99c8f653c847d294a001bdf2a3a6f768f5"
    url: "https://go.googlesource.com/sync"
    transitive: false
  - vcs: "git"
    name: "golang.org/x/sys"
    commit: "37707fdb30a5b38865cfb95e5aab41707daec7fd"
    url: "https://go.googlesource.com/sys"
    transitive: false
  - name: "golang.org/x/text"
    host:
      name: "github.com/etcd-io/etcd"
      commit: "11214aa33bf5a47d3d9d8dafe0f6b97237dfe921"
      urls:
      - "https://github.com/etcd-io/etcd.git"
      - "git@github.com:etcd-io/etcd.git"
      vcs: "git"
    vendorPath: "vendor/golang.org/x/text"
    transitive: false
  - name: "golang.org/x/time"
    host:
      name: "github.com/etcd-io/etcd"
      commit: "11214aa33bf5a47d3d9d8dafe0f6b97237dfe921"
      urls:
      - "https://github.com/etcd-io/etcd.git"
      - "git@github.com:etcd-io/etcd.git"
      vcs: "git"
    vendorPath: "vendor/golang.org/x/time"
    transitive: false
  - vcs: "git"
    name: "google.golang.org/api"
    commit: "386d4e5f4f92f86e6aec85985761bba4b938a2d5"
    url: "https://code.googlesource.com/google-api-go-client"
    transitive: false
  - vcs: "git"
    name: "google.golang.org/genproto"
    commit: "2b5a72b8730b0b16380010cfe5286c42108d88e7"
    url: "https://github.com/google/go-genproto"
    transitive: false
  - vcs: "git"
    name: "google.golang.org/grpc"
    commit: "7646b5360d049a7ca31e9133315db43456f39e2e"
    url: "https://github.com/grpc/grpc-go"
    transitive: false
  - name: "gopkg.in/cheggaaa/pb.v1"
    host:
      name: "github.com/etcd-io/etcd"
      commit: "11214aa33bf5a47d3d9d8dafe0f6b97237dfe921"
      urls:
      - "https://github.com/etcd-io/etcd.git"
      - "git@github.com:etcd-io/etcd.git"
      vcs: "git"
    vendorPath: "vendor/gopkg.in/cheggaaa/pb.v1"
    transitive: false
  - name: "gopkg.in/yaml.v2"
    host:
      name: "github.com/etcd-io/etcd"
      commit: "11214aa33bf5a47d3d9d8dafe0f6b97237dfe921"
      urls:
      - "https://github.com/etcd-io/etcd.git"
      - "git@github.com:etcd-io/etcd.git"
      vcs: "git"
    vendorPath: "vendor/gopkg.in/yaml.v2"
    transitive: false
  test:
  - urls:
    - "https://github.com/google/go-cmp.git"
    - "git@github.com:google/go-cmp.git"
    vcs: "git"
    name: "github.com/google/go-cmp"
    commit: "db9de4321f4e5db7c6f996d170ebce7953f22f8e"
    transitive: false
  - vcs: "git"
    name: "golang.org/x/xerrors"
    commit: "5ec99f83aff198f5fbd629d6c8d8eb38a04218ca"
    url: "https://go.googlesource.com/xerrors"
    transitive: false
  - vcs: "git"
    name: "google.golang.org/protobuf"
    commit: "1a3946737f2cd954c76cd035fa6968468f568b6a"
    url: "https://go.googlesource.com/protobuf"
    transitive: false
